
Microsoft Visual Studio Solution File, Format Version 12.00
# Visual Studio Version 17
VisualStudioVersion = 17.13.35825.156
MinimumVisualStudioVersion = 10.0.40219.1
Project("{FAE04EC0-301F-11D3-BF4B-00C04F79EFBC}") = "RestaurantClient", "RestaurantClient.csproj", "{9D00EAE2-FD59-0AE8-6242-AF8403F2AE3E}"
EndProject
Project("{FAE04EC0-301F-11D3-BF4B-00C04F79EFBC}") = "RestaurantServer", "..\..\Server\RestaurantServer\RestaurantServer\RestaurantServer.csproj", "{BA23B21A-1064-456F-A8A1-5EDE1DCC2623}"
EndProject
Project("{FAE04EC0-301F-11D3-BF4B-00C04F79EFBC}") = "Models", "..\..\Packet\Models\Models.csproj", "{8AE481A3-16D7-48BC-A1EE-B6323DECAE9D}"
EndProject
Global
	GlobalSection(SolutionConfigurationPlatforms) = preSolution
		Debug|Any CPU = Debug|Any CPU
		Release|Any CPU = Release|Any CPU
	EndGlobalSection
	GlobalSection(ProjectConfigurationPlatforms) = postSolution
		{9D00EAE2-FD59-0AE8-6242-AF8403F2AE3E}.Debug|Any CPU.ActiveCfg = Debug|Any CPU
		{9D00EAE2-FD59-0AE8-6242-AF8403F2AE3E}.Debug|Any CPU.Build.0 = Debug|Any CPU
		{9D00EAE2-FD59-0AE8-6242-AF8403F2AE3E}.Release|Any CPU.ActiveCfg = Release|Any CPU
		{9D00EAE2-FD59-0AE8-6242-AF8403F2AE3E}.Release|Any CPU.Build.0 = Release|Any CPU
		{BA23B21A-1064-456F-A8A1-5EDE1DCC2623}.Debug|Any CPU.ActiveCfg = Debug|Any CPU
		{BA23B21A-1064-456F-A8A1-5EDE1DCC2623}.Debug|Any CPU.Build.0 = Debug|Any CPU
		{BA23B21A-1064-456F-A8A1-5EDE1DCC2623}.Release|Any CPU.ActiveCfg = Release|Any CPU
		{BA23B21A-1064-456F-A8A1-5EDE1DCC2623}.Release|Any CPU.Build.0 = Release|Any CPU
		{8AE481A3-16D7-48BC-A1EE-B6323DECAE9D}.Debug|Any CPU.ActiveCfg = Debug|Any CPU
		{8AE481A3-16D7-48BC-A1EE-B6323DECAE9D}.Debug|Any CPU.Build.0 = Debug|Any CPU
		{8AE481A3-16D7-48BC-A1EE-B6323DECAE9D}.Release|Any CPU.ActiveCfg = Release|Any CPU
		{8AE481A3-16D7-48BC-A1EE-B6323DECAE9D}.Release|Any CPU.Build.0 = Release|Any CPU
	EndGlobalSection
	GlobalSection(SolutionProperties) = preSolution
		HideSolutionNode = FALSE
	EndGlobalSection
	GlobalSection(ExtensibilityGlobals) = postSolution
		SolutionGuid = {E71F22B0-2067-47EA-BA94-B31F0B6623C0}
	EndGlobalSection
EndGlobal
